
Microsoft Visual Studio Solution File, Format Version 12.00
# Visual Studio Version 17
VisualStudioVersion = 17.13.35828.75 d17.13
MinimumVisualStudioVersion = 10.0.40219.1
Project("{FAE04EC0-301F-11D3-BF4B-00C04F79EFBC}") = "HPlusSport.API", "HPlusSport.API\HPlusSport.API.csproj", "{A8B2FB2A-AD12-43A2-A454-82BFF25A8E9D}"
EndProject
Global
	GlobalSection(SolutionConfigurationPlatforms) = preSolution
		Debug|Any CPU = Debug|Any CPU
		Release|Any CPU = Release|Any CPU
	EndGlobalSection
	GlobalSection(ProjectConfigurationPlatforms) = postSolution
		{A8B2FB2A-AD12-43A2-A454-82BFF25A8E9D}.Debug|Any CPU.ActiveCfg = Debug|Any CPU
		{A8B2FB2A-AD12-43A2-A454-82BFF25A8E9D}.Debug|Any CPU.Build.0 = Debug|Any CPU
		{A8B2FB2A-AD12-43A2-A454-82BFF25A8E9D}.Release|Any CPU.ActiveCfg = Release|Any CPU
		{A8B2FB2A-AD12-43A2-A454-82BFF25A8E9D}.Release|Any CPU.Build.0 = Release|Any CPU
	EndGlobalSection
	GlobalSection(SolutionProperties) = preSolution
		HideSolutionNode = FALSE
	EndGlobalSection
	GlobalSection(ExtensibilityGlobals) = postSolution
		SolutionGuid = {610F6D18-3F1B-45A9-B108-A248377BAB9B}
	EndGlobalSection
EndGlobal
